// !$*UTF8*$!
{
	archiveVersion = 1;
	classes = {
	};
	objectVersion = 46;
	objects = {

/* Begin PBXBuildFile section */
		0431DD7C1E5DDAB00059AD4C /* btn_back.png in Resources */ = {isa = PBXBuildFile; fileRef = 0431DD7B1E5DDAB00059AD4C /* btn_back.png */; };
		04337D111E56FB7500D0CE54 /* SplashViewController.m in Sources */ = {isa = PBXBuildFile; fileRef = 04337D0F1E56FB7500D0CE54 /* SplashViewController.m */; };
		04337D121E56FB7500D0CE54 /* SplashViewController.xib in Resources */ = {isa = PBXBuildFile; fileRef = 04337D101E56FB7500D0CE54 /* SplashViewController.xib */; };
		04337D1D1E56FBF300D0CE54 /* 40.png in Resources */ = {isa = PBXBuildFile; fileRef = 04337D141E56FBF300D0CE54 /* 40.png */; };
		04337D1E1E56FBF300D0CE54 /* 48.png in Resources */ = {isa = PBXBuildFile; fileRef = 04337D151E56FBF300D0CE54 /* 48.png */; };
		04337D1F1E56FBF300D0CE54 /* 58.png in Resources */ = {isa = PBXBuildFile; fileRef = 04337D161E56FBF300D0CE54 /* 58.png */; };
		04337D201E56FBF300D0CE54 /* 60.png in Resources */ = {isa = PBXBuildFile; fileRef = 04337D171E56FBF300D0CE54 /* 60.png */; };
		04337D211E56FBF300D0CE54 /* 80.png in Resources */ = {isa = PBXBuildFile; fileRef = 04337D181E56FBF300D0CE54 /* 80.png */; };
		04337D221E56FBF300D0CE54 /* 87.png in Resources */ = {isa = PBXBuildFile; fileRef = 04337D191E56FBF300D0CE54 /* 87.png */; };
		04337D231E56FBF300D0CE54 /* 120.png in Resources */ = {isa = PBXBuildFile; fileRef = 04337D1A1E56FBF300D0CE54 /* 120.png */; };
		04337D241E56FBF300D0CE54 /* 180.png in Resources */ = {isa = PBXBuildFile; fileRef = 04337D1B1E56FBF300D0CE54 /* 180.png */; };
		04337D251E56FBF300D0CE54 /* 1024.png in Resources */ = {isa = PBXBuildFile; fileRef = 04337D1C1E56FBF300D0CE54 /* 1024.png */; };
		04337D2B1E56FE4D00D0CE54 /* InfoViewController.m in Sources */ = {isa = PBXBuildFile; fileRef = 04337D291E56FE4D00D0CE54 /* InfoViewController.m */; };
		04337D2C1E56FE4D00D0CE54 /* InfoViewController.xib in Resources */ = {isa = PBXBuildFile; fileRef = 04337D2A1E56FE4D00D0CE54 /* InfoViewController.xib */; };
		04337D2E1E57033B00D0CE54 /* anmal_icon.png in Resources */ = {isa = PBXBuildFile; fileRef = 04337D2D1E57033B00D0CE54 /* anmal_icon.png */; };
		045AF3C11E44E2B500ADC203 /* main.m in Sources */ = {isa = PBXBuildFile; fileRef = 045AF3C01E44E2B500ADC203 /* main.m */; };
		045AF3C41E44E2B500ADC203 /* AppDelegate.m in Sources */ = {isa = PBXBuildFile; fileRef = 045AF3C31E44E2B500ADC203 /* AppDelegate.m */; };
		045AF3CA1E44E2B500ADC203 /* Main.storyboard in Resources */ = {isa = PBXBuildFile; fileRef = 045AF3C81E44E2B500ADC203 /* Main.storyboard */; };
		045AF3CC1E44E2B500ADC203 /* Assets.xcassets in Resources */ = {isa = PBXBuildFile; fileRef = 045AF3CB1E44E2B500ADC203 /* Assets.xcassets */; };
		045AF3D91E44E37C00ADC203 /* HomeViewController.m in Sources */ = {isa = PBXBuildFile; fileRef = 045AF3D71E44E37C00ADC203 /* HomeViewController.m */; };
		045AF3DA1E44E37C00ADC203 /* HomeViewController.xib in Resources */ = {isa = PBXBuildFile; fileRef = 045AF3D81E44E37C00ADC203 /* HomeViewController.xib */; };
		045AF3DC1E44E39300ADC203 /* Default-568h@2x.png in Resources */ = {isa = PBXBuildFile; fileRef = 045AF3DB1E44E39300ADC203 /* Default-568h@2x.png */; };
		045BC3311E5B0D5F00EA577F /* DescriptionViewController.m in Sources */ = {isa = PBXBuildFile; fileRef = 045BC32F1E5B0D5F00EA577F /* DescriptionViewController.m */; };
		045BC3321E5B0D5F00EA577F /* DescriptionViewController.xib in Resources */ = {isa = PBXBuildFile; fileRef = 045BC3301E5B0D5F00EA577F /* DescriptionViewController.xib */; };
		045BC3341E5B215600EA577F /* btn_search.png in Resources */ = {isa = PBXBuildFile; fileRef = 045BC3331E5B215600EA577F /* btn_search.png */; };
		0481E0791E54B9AB00ABBEF2 /* arrow_down_gray.png in Resources */ = {isa = PBXBuildFile; fileRef = 0481E0751E54B9AB00ABBEF2 /* arrow_down_gray.png */; };
		0481E07A1E54B9AB00ABBEF2 /* arrow_down_white.png in Resources */ = {isa = PBXBuildFile; fileRef = 0481E0761E54B9AB00ABBEF2 /* arrow_down_white.png */; };
		0481E07B1E54B9AB00ABBEF2 /* arrow_up_gray.png in Resources */ = {isa = PBXBuildFile; fileRef = 0481E0771E54B9AB00ABBEF2 /* arrow_up_gray.png */; };
		0481E07C1E54B9AB00ABBEF2 /* arrow_up_white.png in Resources */ = {isa = PBXBuildFile; fileRef = 0481E0781E54B9AB00ABBEF2 /* arrow_up_white.png */; };
		048D0FEB1E5EDE0100AC2F0A /* AFHTTPRequestOperation.m in Sources */ = {isa = PBXBuildFile; fileRef = 048D0FC51E5EDE0100AC2F0A /* AFHTTPRequestOperation.m */; };
		048D0FEC1E5EDE0100AC2F0A /* AFHTTPRequestOperationManager.m in Sources */ = {isa = PBXBuildFile; fileRef = 048D0FC71E5EDE0100AC2F0A /* AFHTTPRequestOperationManager.m */; };
		048D0FED1E5EDE0100AC2F0A /* AFHTTPSessionManager.m in Sources */ = {isa = PBXBuildFile; fileRef = 048D0FC91E5EDE0100AC2F0A /* AFHTTPSessionManager.m */; };
		048D0FEE1E5EDE0100AC2F0A /* AFNetworkReachabilityManager.m in Sources */ = {isa = PBXBuildFile; fileRef = 048D0FCC1E5EDE0100AC2F0A /* AFNetworkReachabilityManager.m */; };
		048D0FEF1E5EDE0100AC2F0A /* AFSecurityPolicy.m in Sources */ = {isa = PBXBuildFile; fileRef = 048D0FCE1E5EDE0100AC2F0A /* AFSecurityPolicy.m */; };
		048D0FF01E5EDE0100AC2F0A /* AFURLConnectionOperation.m in Sources */ = {isa = PBXBuildFile; fileRef = 048D0FD01E5EDE0100AC2F0A /* AFURLConnectionOperation.m */; };
		048D0FF11E5EDE0100AC2F0A /* AFURLRequestSerialization.m in Sources */ = {isa = PBXBuildFile; fileRef = 048D0FD21E5EDE0100AC2F0A /* AFURLRequestSerialization.m */; };
		048D0FF21E5EDE0100AC2F0A /* AFURLResponseSerialization.m in Sources */ = {isa = PBXBuildFile; fileRef = 048D0FD41E5EDE0100AC2F0A /* AFURLResponseSerialization.m */; };
		048D0FF31E5EDE0100AC2F0A /* AFURLSessionManager.m in Sources */ = {isa = PBXBuildFile; fileRef = 048D0FD61E5EDE0100AC2F0A /* AFURLSessionManager.m */; };
		048D0FF41E5EDE0100AC2F0A /* NSObject+SBJSON.m in Sources */ = {isa = PBXBuildFile; fileRef = 048D0FDA1E5EDE0100AC2F0A /* NSObject+SBJSON.m */; settings = {COMPILER_FLAGS = "-fno-objc-arc"; }; };
		048D0FF51E5EDE0100AC2F0A /* NSString+SBJSON.m in Sources */ = {isa = PBXBuildFile; fileRef = 048D0FDC1E5EDE0100AC2F0A /* NSString+SBJSON.m */; settings = {COMPILER_FLAGS = "-fno-objc-arc"; }; };
		048D0FF61E5EDE0100AC2F0A /* SBJSON.m in Sources */ = {isa = PBXBuildFile; fileRef = 048D0FDE1E5EDE0100AC2F0A /* SBJSON.m */; settings = {COMPILER_FLAGS = "-fno-objc-arc"; }; };
		048D0FF71E5EDE0100AC2F0A /* SBJsonBase.m in Sources */ = {isa = PBXBuildFile; fileRef = 048D0FE01E5EDE0100AC2F0A /* SBJsonBase.m */; settings = {COMPILER_FLAGS = "-fno-objc-arc"; }; };
		048D0FF81E5EDE0100AC2F0A /* SBJsonParser.m in Sources */ = {isa = PBXBuildFile; fileRef = 048D0FE21E5EDE0100AC2F0A /* SBJsonParser.m */; settings = {COMPILER_FLAGS = "-fno-objc-arc"; }; };
		048D0FF91E5EDE0100AC2F0A /* SBJsonWriter.m in Sources */ = {isa = PBXBuildFile; fileRef = 048D0FE41E5EDE0100AC2F0A /* SBJsonWriter.m */; settings = {COMPILER_FLAGS = "-fno-objc-arc"; }; };
		048D0FFF1E5F005B00AC2F0A /* MBProgressHUD.m in Sources */ = {isa = PBXBuildFile; fileRef = 048D0FFE1E5F005B00AC2F0A /* MBProgressHUD.m */; };
		049DD4801E64467700C33F21 /* LocationPickerViewController.m in Sources */ = {isa = PBXBuildFile; fileRef = 049DD47E1E64467700C33F21 /* LocationPickerViewController.m */; };
		049DD4811E64467700C33F21 /* LocationPickerViewController.xib in Resources */ = {isa = PBXBuildFile; fileRef = 049DD47F1E64467700C33F21 /* LocationPickerViewController.xib */; };
		04AA57961E45D6870095C67B /* icon_anmal.png in Resources */ = {isa = PBXBuildFile; fileRef = 04AA57901E45D6870095C67B /* icon_anmal.png */; };
		04AA57971E45D6870095C67B /* icon_camera.png in Resources */ = {isa = PBXBuildFile; fileRef = 04AA57911E45D6870095C67B /* icon_camera.png */; };
		04AA57981E45D6870095C67B /* icon_contact.png in Resources */ = {isa = PBXBuildFile; fileRef = 04AA57921E45D6870095C67B /* icon_contact.png */; };
		04AA57991E45D6870095C67B /* icon_location.png in Resources */ = {isa = PBXBuildFile; fileRef = 04AA57931E45D6870095C67B /* icon_location.png */; };
		04AA579A1E45D6870095C67B /* logo.png in Resources */ = {isa = PBXBuildFile; fileRef = 04AA57941E45D6870095C67B /* logo.png */; };
		04AA579F1E45E0100095C67B /* gotham-bold.ttf in Resources */ = {isa = PBXBuildFile; fileRef = 04AA579C1E45E0100095C67B /* gotham-bold.ttf */; };
		04AA57A01E45E0100095C67B /* gotham-book.ttf in Resources */ = {isa = PBXBuildFile; fileRef = 04AA579D1E45E0100095C67B /* gotham-book.ttf */; };
		04AA57A11E45E0100095C67B /* gotham-medium.ttf in Resources */ = {isa = PBXBuildFile; fileRef = 04AA579E1E45E0100095C67B /* gotham-medium.ttf */; };
		04AA57A51E45EB5C0095C67B /* ContactViewController.m in Sources */ = {isa = PBXBuildFile; fileRef = 04AA57A31E45EB5C0095C67B /* ContactViewController.m */; };
		04AA57A61E45EB5C0095C67B /* ContactViewController.xib in Resources */ = {isa = PBXBuildFile; fileRef = 04AA57A41E45EB5C0095C67B /* ContactViewController.xib */; };
		04AA57AA1E45EB9D0095C67B /* AnmalHinderViewController.m in Sources */ = {isa = PBXBuildFile; fileRef = 04AA57A81E45EB9D0095C67B /* AnmalHinderViewController.m */; };
		04AA57AB1E45EB9D0095C67B /* AnmalHinderViewController.xib in Resources */ = {isa = PBXBuildFile; fileRef = 04AA57A91E45EB9D0095C67B /* AnmalHinderViewController.xib */; };
		04AA57AD1E461A710095C67B /* CategoriesList.plist in Resources */ = {isa = PBXBuildFile; fileRef = 04AA57AC1E461A710095C67B /* CategoriesList.plist */; };
		04AA57B61E462EDF0095C67B /* PhotoViewController.m in Sources */ = {isa = PBXBuildFile; fileRef = 04AA57B41E462EDF0095C67B /* PhotoViewController.m */; };
		04AA57B71E462EDF0095C67B /* PhotoViewController.xib in Resources */ = {isa = PBXBuildFile; fileRef = 04AA57B51E462EDF0095C67B /* PhotoViewController.xib */; };
		04AAA4531E587A340023EE25 /* btn_cross.png in Resources */ = {isa = PBXBuildFile; fileRef = 04AAA4521E587A340023EE25 /* btn_cross.png */; };
		04AB8D351E48CFCB001E162F /* MapKit.framework in Frameworks */ = {isa = PBXBuildFile; fileRef = 04AB8D341E48CFCB001E162F /* MapKit.framework */; };
		04AB8D371E48CFD7001E162F /* QuartzCore.framework in Frameworks */ = {isa = PBXBuildFile; fileRef = 04AB8D361E48CFD7001E162F /* QuartzCore.framework */; };
/* End PBXBuildFile section */

/* Begin PBXFileReference section */
		0431DD7B1E5DDAB00059AD4C /* btn_back.png */ = {isa = PBXFileReference; lastKnownFileType = image.png; path = btn_back.png; sourceTree = "<group>"; };
		04337D0E1E56FB7500D0CE54 /* SplashViewController.h */ = {isa = PBXFileReference; fileEncoding = 4; lastKnownFileType = sourcecode.c.h; path = SplashViewController.h; sourceTree = "<group>"; };
		04337D0F1E56FB7500D0CE54 /* SplashViewController.m */ = {isa = PBXFileReference; fileEncoding = 4; lastKnownFileType = sourcecode.c.objc; path = SplashViewController.m; sourceTree = "<group>"; };
		04337D101E56FB7500D0CE54 /* SplashViewController.xib */ = {isa = PBXFileReference; fileEncoding = 4; lastKnownFileType = file.xib; path = SplashViewController.xib; sourceTree = "<group>"; };
		04337D141E56FBF300D0CE54 /* 40.png */ = {isa = PBXFileReference; lastKnownFileType = image.png; path = 40.png; sourceTree = "<group>"; };
		04337D151E56FBF300D0CE54 /* 48.png */ = {isa = PBXFileReference; lastKnownFileType = image.png; path = 48.png; sourceTree = "<group>"; };
		04337D161E56FBF300D0CE54 /* 58.png */ = {isa = PBXFileReference; lastKnownFileType = image.png; path = 58.png; sourceTree = "<group>"; };
		04337D171E56FBF300D0CE54 /* 60.png */ = {isa = PBXFileReference; lastKnownFileType = image.png; path = 60.png; sourceTree = "<group>"; };
		04337D181E56FBF300D0CE54 /* 80.png */ = {isa = PBXFileReference; lastKnownFileType = image.png; path = 80.png; sourceTree = "<group>"; };
		04337D191E56FBF300D0CE54 /* 87.png */ = {isa = PBXFileReference; lastKnownFileType = image.png; path = 87.png; sourceTree = "<group>"; };
		04337D1A1E56FBF300D0CE54 /* 120.png */ = {isa = PBXFileReference; lastKnownFileType = image.png; path = 120.png; sourceTree = "<group>"; };
		04337D1B1E56FBF300D0CE54 /* 180.png */ = {isa = PBXFileReference; lastKnownFileType = image.png; path = 180.png; sourceTree = "<group>"; };
		04337D1C1E56FBF300D0CE54 /* 1024.png */ = {isa = PBXFileReference; lastKnownFileType = image.png; path = 1024.png; sourceTree = "<group>"; };
		04337D281E56FE4D00D0CE54 /* InfoViewController.h */ = {isa = PBXFileReference; fileEncoding = 4; lastKnownFileType = sourcecode.c.h; path = InfoViewController.h; sourceTree = "<group>"; };
		04337D291E56FE4D00D0CE54 /* InfoViewController.m */ = {isa = PBXFileReference; fileEncoding = 4; lastKnownFileType = sourcecode.c.objc; path = InfoViewController.m; sourceTree = "<group>"; };
		04337D2A1E56FE4D00D0CE54 /* InfoViewController.xib */ = {isa = PBXFileReference; fileEncoding = 4; lastKnownFileType = file.xib; path = InfoViewController.xib; sourceTree = "<group>"; };
		04337D2D1E57033B00D0CE54 /* anmal_icon.png */ = {isa = PBXFileReference; lastKnownFileType = image.png; path = anmal_icon.png; sourceTree = "<group>"; };
		045AF3BC1E44E2B500ADC203 /* GoteborgStad.app */ = {isa = PBXFileReference; explicitFileType = wrapper.application; includeInIndex = 0; path = GoteborgStad.app; sourceTree = BUILT_PRODUCTS_DIR; };
		045AF3C01E44E2B500ADC203 /* main.m */ = {isa = PBXFileReference; lastKnownFileType = sourcecode.c.objc; path = main.m; sourceTree = "<group>"; };
		045AF3C21E44E2B500ADC203 /* AppDelegate.h */ = {isa = PBXFileReference; lastKnownFileType = sourcecode.c.h; path = AppDelegate.h; sourceTree = "<group>"; };
		045AF3C31E44E2B500ADC203 /* AppDelegate.m */ = {isa = PBXFileReference; lastKnownFileType = sourcecode.c.objc; path = AppDelegate.m; sourceTree = "<group>"; };
		045AF3C91E44E2B500ADC203 /* Base */ = {isa = PBXFileReference; lastKnownFileType = file.storyboard; name = Base; path = Base.lproj/Main.storyboard; sourceTree = "<group>"; };
		045AF3CB1E44E2B500ADC203 /* Assets.xcassets */ = {isa = PBXFileReference; lastKnownFileType = folder.assetcatalog; path = Assets.xcassets; sourceTree = "<group>"; };
		045AF3D01E44E2B500ADC203 /* Info.plist */ = {isa = PBXFileReference; lastKnownFileType = text.plist.xml; path = Info.plist; sourceTree = "<group>"; };
		045AF3D61E44E37C00ADC203 /* HomeViewController.h */ = {isa = PBXFileReference; fileEncoding = 4; lastKnownFileType = sourcecode.c.h; path = HomeViewController.h; sourceTree = "<group>"; };
		045AF3D71E44E37C00ADC203 /* HomeViewController.m */ = {isa = PBXFileReference; fileEncoding = 4; lastKnownFileType = sourcecode.c.objc; path = HomeViewController.m; sourceTree = "<group>"; };
		045AF3D81E44E37C00ADC203 /* HomeViewController.xib */ = {isa = PBXFileReference; fileEncoding = 4; lastKnownFileType = file.xib; path = HomeViewController.xib; sourceTree = "<group>"; };
		045AF3DB1E44E39300ADC203 /* Default-568h@2x.png */ = {isa = PBXFileReference; lastKnownFileType = image.png; path = "Default-568h@2x.png"; sourceTree = "<group>"; };
		045BC32E1E5B0D5F00EA577F /* DescriptionViewController.h */ = {isa = PBXFileReference; fileEncoding = 4; lastKnownFileType = sourcecode.c.h; path = DescriptionViewController.h; sourceTree = "<group>"; };
		045BC32F1E5B0D5F00EA577F /* DescriptionViewController.m */ = {isa = PBXFileReference; fileEncoding = 4; lastKnownFileType = sourcecode.c.objc; path = DescriptionViewController.m; sourceTree = "<group>"; };
		045BC3301E5B0D5F00EA577F /* DescriptionViewController.xib */ = {isa = PBXFileReference; fileEncoding = 4; lastKnownFileType = file.xib; path = DescriptionViewController.xib; sourceTree = "<group>"; };
		045BC3331E5B215600EA577F /* btn_search.png */ = {isa = PBXFileReference; lastKnownFileType = image.png; path = btn_search.png; sourceTree = "<group>"; };
		0481E0751E54B9AB00ABBEF2 /* arrow_down_gray.png */ = {isa = PBXFileReference; lastKnownFileType = image.png; path = arrow_down_gray.png; sourceTree = "<group>"; };
		0481E0761E54B9AB00ABBEF2 /* arrow_down_white.png */ = {isa = PBXFileReference; lastKnownFileType = image.png; path = arrow_down_white.png; sourceTree = "<group>"; };
		0481E0771E54B9AB00ABBEF2 /* arrow_up_gray.png */ = {isa = PBXFileReference; lastKnownFileType = image.png; path = arrow_up_gray.png; sourceTree = "<group>"; };
		0481E0781E54B9AB00ABBEF2 /* arrow_up_white.png */ = {isa = PBXFileReference; lastKnownFileType = image.png; path = arrow_up_white.png; sourceTree = "<group>"; };
		048D0FC41E5EDE0100AC2F0A /* AFHTTPRequestOperation.h */ = {isa = PBXFileReference; fileEncoding = 4; lastKnownFileType = sourcecode.c.h; path = AFHTTPRequestOperation.h; sourceTree = "<group>"; };
		048D0FC51E5EDE0100AC2F0A /* AFHTTPRequestOperation.m */ = {isa = PBXFileReference; fileEncoding = 4; lastKnownFileType = sourcecode.c.objc; path = AFHTTPRequestOperation.m; sourceTree = "<group>"; };
		048D0FC61E5EDE0100AC2F0A /* AFHTTPRequestOperationManager.h */ = {isa = PBXFileReference; fileEncoding = 4; lastKnownFileType = sourcecode.c.h; path = AFHTTPRequestOperationManager.h; sourceTree = "<group>"; };
		048D0FC71E5EDE0100AC2F0A /* AFHTTPRequestOperationManager.m */ = {isa = PBXFileReference; fileEncoding = 4; lastKnownFileType = sourcecode.c.objc; path = AFHTTPRequestOperationManager.m; sourceTree = "<group>"; };
		048D0FC81E5EDE0100AC2F0A /* AFHTTPSessionManager.h */ = {isa = PBXFileReference; fileEncoding = 4; lastKnownFileType = sourcecode.c.h; path = AFHTTPSessionManager.h; sourceTree = "<group>"; };
		048D0FC91E5EDE0100AC2F0A /* AFHTTPSessionManager.m */ = {isa = PBXFileReference; fileEncoding = 4; lastKnownFileType = sourcecode.c.objc; path = AFHTTPSessionManager.m; sourceTree = "<group>"; };
		048D0FCA1E5EDE0100AC2F0A /* AFNetworking.h */ = {isa = PBXFileReference; fileEncoding = 4; lastKnownFileType = sourcecode.c.h; path = AFNetworking.h; sourceTree = "<group>"; };
		048D0FCB1E5EDE0100AC2F0A /* AFNetworkReachabilityManager.h */ = {isa = PBXFileReference; fileEncoding = 4; lastKnownFileType = sourcecode.c.h; path = AFNetworkReachabilityManager.h; sourceTree = "<group>"; };
		048D0FCC1E5EDE0100AC2F0A /* AFNetworkReachabilityManager.m */ = {isa = PBXFileReference; fileEncoding = 4; lastKnownFileType = sourcecode.c.objc; path = AFNetworkReachabilityManager.m; sourceTree = "<group>"; };
		048D0FCD1E5EDE0100AC2F0A /* AFSecurityPolicy.h */ = {isa = PBXFileReference; fileEncoding = 4; lastKnownFileType = sourcecode.c.h; path = AFSecurityPolicy.h; sourceTree = "<group>"; };
		048D0FCE1E5EDE0100AC2F0A /* AFSecurityPolicy.m */ = {isa = PBXFileReference; fileEncoding = 4; lastKnownFileType = sourcecode.c.objc; path = AFSecurityPolicy.m; sourceTree = "<group>"; };
		048D0FCF1E5EDE0100AC2F0A /* AFURLConnectionOperation.h */ = {isa = PBXFileReference; fileEncoding = 4; lastKnownFileType = sourcecode.c.h; path = AFURLConnectionOperation.h; sourceTree = "<group>"; };
		048D0FD01E5EDE0100AC2F0A /* AFURLConnectionOperation.m */ = {isa = PBXFileReference; fileEncoding = 4; lastKnownFileType = sourcecode.c.objc; path = AFURLConnectionOperation.m; sourceTree = "<group>"; };
		048D0FD11E5EDE0100AC2F0A /* AFURLRequestSerialization.h */ = {isa = PBXFileReference; fileEncoding = 4; lastKnownFileType = sourcecode.c.h; path = AFURLRequestSerialization.h; sourceTree = "<group>"; };
		048D0FD21E5EDE0100AC2F0A /* AFURLRequestSerialization.m */ = {isa = PBXFileReference; fileEncoding = 4; lastKnownFileType = sourcecode.c.objc; path = AFURLRequestSerialization.m; sourceTree = "<group>"; };
		048D0FD31E5EDE0100AC2F0A /* AFURLResponseSerialization.h */ = {isa = PBXFileReference; fileEncoding = 4; lastKnownFileType = sourcecode.c.h; path = AFURLResponseSerialization.h; sourceTree = "<group>"; };
		048D0FD41E5EDE0100AC2F0A /* AFURLResponseSerialization.m */ = {isa = PBXFileReference; fileEncoding = 4; lastKnownFileType = sourcecode.c.objc; path = AFURLResponseSerialization.m; sourceTree = "<group>"; };
		048D0FD51E5EDE0100AC2F0A /* AFURLSessionManager.h */ = {isa = PBXFileReference; fileEncoding = 4; lastKnownFileType = sourcecode.c.h; path = AFURLSessionManager.h; sourceTree = "<group>"; };
		048D0FD61E5EDE0100AC2F0A /* AFURLSessionManager.m */ = {isa = PBXFileReference; fileEncoding = 4; lastKnownFileType = sourcecode.c.objc; path = AFURLSessionManager.m; sourceTree = "<group>"; };
		048D0FD81E5EDE0100AC2F0A /* JSON.h */ = {isa = PBXFileReference; fileEncoding = 4; lastKnownFileType = sourcecode.c.h; path = JSON.h; sourceTree = "<group>"; };
		048D0FD91E5EDE0100AC2F0A /* NSObject+SBJSON.h */ = {isa = PBXFileReference; fileEncoding = 4; lastKnownFileType = sourcecode.c.h; path = "NSObject+SBJSON.h"; sourceTree = "<group>"; };
		048D0FDA1E5EDE0100AC2F0A /* NSObject+SBJSON.m */ = {isa = PBXFileReference; fileEncoding = 4; lastKnownFileType = sourcecode.c.objc; path = "NSObject+SBJSON.m"; sourceTree = "<group>"; };
		048D0FDB1E5EDE0100AC2F0A /* NSString+SBJSON.h */ = {isa = PBXFileReference; fileEncoding = 4; lastKnownFileType = sourcecode.c.h; path = "NSString+SBJSON.h"; sourceTree = "<group>"; };
		048D0FDC1E5EDE0100AC2F0A /* NSString+SBJSON.m */ = {isa = PBXFileReference; fileEncoding = 4; lastKnownFileType = sourcecode.c.objc; path = "NSString+SBJSON.m"; sourceTree = "<group>"; };
		048D0FDD1E5EDE0100AC2F0A /* SBJSON.h */ = {isa = PBXFileReference; fileEncoding = 4; lastKnownFileType = sourcecode.c.h; path = SBJSON.h; sourceTree = "<group>"; };
		048D0FDE1E5EDE0100AC2F0A /* SBJSON.m */ = {isa = PBXFileReference; fileEncoding = 4; lastKnownFileType = sourcecode.c.objc; path = SBJSON.m; sourceTree = "<group>"; };
		048D0FDF1E5EDE0100AC2F0A /* SBJsonBase.h */ = {isa = PBXFileReference; fileEncoding = 4; lastKnownFileType = sourcecode.c.h; path = SBJsonBase.h; sourceTree = "<group>"; };
		048D0FE01E5EDE0100AC2F0A /* SBJsonBase.m */ = {isa = PBXFileReference; fileEncoding = 4; lastKnownFileType = sourcecode.c.objc; path = SBJsonBase.m; sourceTree = "<group>"; };
		048D0FE11E5EDE0100AC2F0A /* SBJsonParser.h */ = {isa = PBXFileReference; fileEncoding = 4; lastKnownFileType = sourcecode.c.h; path = SBJsonParser.h; sourceTree = "<group>"; };
		048D0FE21E5EDE0100AC2F0A /* SBJsonParser.m */ = {isa = PBXFileReference; fileEncoding = 4; lastKnownFileType = sourcecode.c.objc; path = SBJsonParser.m; sourceTree = "<group>"; };
		048D0FE31E5EDE0100AC2F0A /* SBJsonWriter.h */ = {isa = PBXFileReference; fileEncoding = 4; lastKnownFileType = sourcecode.c.h; path = SBJsonWriter.h; sourceTree = "<group>"; };
		048D0FE41E5EDE0100AC2F0A /* SBJsonWriter.m */ = {isa = PBXFileReference; fileEncoding = 4; lastKnownFileType = sourcecode.c.objc; path = SBJsonWriter.m; sourceTree = "<group>"; };
		048D0FFD1E5F005B00AC2F0A /* MBProgressHUD.h */ = {isa = PBXFileReference; fileEncoding = 4; lastKnownFileType = sourcecode.c.h; path = MBProgressHUD.h; sourceTree = "<group>"; };
		048D0FFE1E5F005B00AC2F0A /* MBProgressHUD.m */ = {isa = PBXFileReference; fileEncoding = 4; lastKnownFileType = sourcecode.c.objc; path = MBProgressHUD.m; sourceTree = "<group>"; };
		049DD47D1E64467700C33F21 /* LocationPickerViewController.h */ = {isa = PBXFileReference; fileEncoding = 4; lastKnownFileType = sourcecode.c.h; path = LocationPickerViewController.h; sourceTree = "<group>"; };
		049DD47E1E64467700C33F21 /* LocationPickerViewController.m */ = {isa = PBXFileReference; fileEncoding = 4; lastKnownFileType = sourcecode.c.objc; path = LocationPickerViewController.m; sourceTree = "<group>"; };
		049DD47F1E64467700C33F21 /* LocationPickerViewController.xib */ = {isa = PBXFileReference; fileEncoding = 4; lastKnownFileType = file.xib; path = LocationPickerViewController.xib; sourceTree = "<group>"; };
		04AA57901E45D6870095C67B /* icon_anmal.png */ = {isa = PBXFileReference; lastKnownFileType = image.png; path = icon_anmal.png; sourceTree = "<group>"; };
		04AA57911E45D6870095C67B /* icon_camera.png */ = {isa = PBXFileReference; lastKnownFileType = image.png; path = icon_camera.png; sourceTree = "<group>"; };
		04AA57921E45D6870095C67B /* icon_contact.png */ = {isa = PBXFileReference; lastKnownFileType = image.png; path = icon_contact.png; sourceTree = "<group>"; };
		04AA57931E45D6870095C67B /* icon_location.png */ = {isa = PBXFileReference; lastKnownFileType = image.png; path = icon_location.png; sourceTree = "<group>"; };
		04AA57941E45D6870095C67B /* logo.png */ = {isa = PBXFileReference; lastKnownFileType = image.png; path = logo.png; sourceTree = "<group>"; };
		04AA579C1E45E0100095C67B /* gotham-bold.ttf */ = {isa = PBXFileReference; lastKnownFileType = file; path = "gotham-bold.ttf"; sourceTree = "<group>"; };
		04AA579D1E45E0100095C67B /* gotham-book.ttf */ = {isa = PBXFileReference; lastKnownFileType = file; path = "gotham-book.ttf"; sourceTree = "<group>"; };
		04AA579E1E45E0100095C67B /* gotham-medium.ttf */ = {isa = PBXFileReference; lastKnownFileType = file; path = "gotham-medium.ttf"; sourceTree = "<group>"; };
		04AA57A21E45EB5C0095C67B /* ContactViewController.h */ = {isa = PBXFileReference; fileEncoding = 4; lastKnownFileType = sourcecode.c.h; path = ContactViewController.h; sourceTree = "<group>"; };
		04AA57A31E45EB5C0095C67B /* ContactViewController.m */ = {isa = PBXFileReference; fileEncoding = 4; lastKnownFileType = sourcecode.c.objc; path = ContactViewController.m; sourceTree = "<group>"; };
		04AA57A41E45EB5C0095C67B /* ContactViewController.xib */ = {isa = PBXFileReference; fileEncoding = 4; lastKnownFileType = file.xib; path = ContactViewController.xib; sourceTree = "<group>"; };
		04AA57A71E45EB9D0095C67B /* AnmalHinderViewController.h */ = {isa = PBXFileReference; fileEncoding = 4; lastKnownFileType = sourcecode.c.h; path = AnmalHinderViewController.h; sourceTree = "<group>"; };
		04AA57A81E45EB9D0095C67B /* AnmalHinderViewController.m */ = {isa = PBXFileReference; fileEncoding = 4; lastKnownFileType = sourcecode.c.objc; path = AnmalHinderViewController.m; sourceTree = "<group>"; };
		04AA57A91E45EB9D0095C67B /* AnmalHinderViewController.xib */ = {isa = PBXFileReference; fileEncoding = 4; lastKnownFileType = file.xib; path = AnmalHinderViewController.xib; sourceTree = "<group>"; };
		04AA57AC1E461A710095C67B /* CategoriesList.plist */ = {isa = PBXFileReference; fileEncoding = 4; lastKnownFileType = text.plist.xml; path = CategoriesList.plist; sourceTree = "<group>"; };
		04AA57B31E462EDF0095C67B /* PhotoViewController.h */ = {isa = PBXFileReference; fileEncoding = 4; lastKnownFileType = sourcecode.c.h; path = PhotoViewController.h; sourceTree = "<group>"; };
		04AA57B41E462EDF0095C67B /* PhotoViewController.m */ = {isa = PBXFileReference; fileEncoding = 4; lastKnownFileType = sourcecode.c.objc; path = PhotoViewController.m; sourceTree = "<group>"; };
		04AA57B51E462EDF0095C67B /* PhotoViewController.xib */ = {isa = PBXFileReference; fileEncoding = 4; lastKnownFileType = file.xib; path = PhotoViewController.xib; sourceTree = "<group>"; };
		04AAA4521E587A340023EE25 /* btn_cross.png */ = {isa = PBXFileReference; lastKnownFileType = image.png; path = btn_cross.png; sourceTree = "<group>"; };
		04AB8D341E48CFCB001E162F /* MapKit.framework */ = {isa = PBXFileReference; lastKnownFileType = wrapper.framework; name = MapKit.framework; path = System/Library/Frameworks/MapKit.framework; sourceTree = SDKROOT; };
		04AB8D361E48CFD7001E162F /* QuartzCore.framework */ = {isa = PBXFileReference; lastKnownFileType = wrapper.framework; name = QuartzCore.framework; path = System/Library/Frameworks/QuartzCore.framework; sourceTree = SDKROOT; };
/* End PBXFileReference section */

/* Begin PBXFrameworksBuildPhase section */
		045AF3B91E44E2B500ADC203 /* Frameworks */ = {
			isa = PBXFrameworksBuildPhase;
			buildActionMask = 2147483647;
			files = (
				04AB8D371E48CFD7001E162F /* QuartzCore.framework in Frameworks */,
				04AB8D351E48CFCB001E162F /* MapKit.framework in Frameworks */,
			);
			runOnlyForDeploymentPostprocessing = 0;
		};
/* End PBXFrameworksBuildPhase section */

/* Begin PBXGroup section */
		04337D131E56FBE900D0CE54 /* icons */ = {
			isa = PBXGroup;
			children = (
				04337D141E56FBF300D0CE54 /* 40.png */,
				04337D151E56FBF300D0CE54 /* 48.png */,
				04337D161E56FBF300D0CE54 /* 58.png */,
				04337D171E56FBF300D0CE54 /* 60.png */,
				04337D181E56FBF300D0CE54 /* 80.png */,
				04337D191E56FBF300D0CE54 /* 87.png */,
				04337D1A1E56FBF300D0CE54 /* 120.png */,
				04337D1B1E56FBF300D0CE54 /* 180.png */,
				04337D1C1E56FBF300D0CE54 /* 1024.png */,
			);
			name = icons;
			sourceTree = "<group>";
		};
		045AF3B31E44E2B500ADC203 = {
			isa = PBXGroup;
			children = (
				045AF3DB1E44E39300ADC203 /* Default-568h@2x.png */,
				048D0FFD1E5F005B00AC2F0A /* MBProgressHUD.h */,
				048D0FFE1E5F005B00AC2F0A /* MBProgressHUD.m */,
				048D0FC31E5EDE0100AC2F0A /* AFNetworking */,
				048D0FD71E5EDE0100AC2F0A /* JSON */,
				045AF3BE1E44E2B500ADC203 /* GoteborgStad */,
				045AF3BD1E44E2B500ADC203 /* Products */,
				04AB8D331E48CFCA001E162F /* Frameworks */,
			);
			sourceTree = "<group>";
		};
		045AF3BD1E44E2B500ADC203 /* Products */ = {
			isa = PBXGroup;
			children = (
				045AF3BC1E44E2B500ADC203 /* GoteborgStad.app */,
			);
			name = Products;
			sourceTree = "<group>";
		};
		045AF3BE1E44E2B500ADC203 /* GoteborgStad */ = {
			isa = PBXGroup;
			children = (
				045AF3C21E44E2B500ADC203 /* AppDelegate.h */,
				045AF3C31E44E2B500ADC203 /* AppDelegate.m */,
				04337D0E1E56FB7500D0CE54 /* SplashViewController.h */,
				04337D0F1E56FB7500D0CE54 /* SplashViewController.m */,
				04337D101E56FB7500D0CE54 /* SplashViewController.xib */,
				04337D281E56FE4D00D0CE54 /* InfoViewController.h */,
				04337D291E56FE4D00D0CE54 /* InfoViewController.m */,
				04337D2A1E56FE4D00D0CE54 /* InfoViewController.xib */,
				04AA57A71E45EB9D0095C67B /* AnmalHinderViewController.h */,
				04AA57A81E45EB9D0095C67B /* AnmalHinderViewController.m */,
				04AA57A91E45EB9D0095C67B /* AnmalHinderViewController.xib */,
				045BC32E1E5B0D5F00EA577F /* DescriptionViewController.h */,
				045BC32F1E5B0D5F00EA577F /* DescriptionViewController.m */,
				045BC3301E5B0D5F00EA577F /* DescriptionViewController.xib */,
				049DD47D1E64467700C33F21 /* LocationPickerViewController.h */,
				049DD47E1E64467700C33F21 /* LocationPickerViewController.m */,
				049DD47F1E64467700C33F21 /* LocationPickerViewController.xib */,
				04AA57B31E462EDF0095C67B /* PhotoViewController.h */,
				04AA57B41E462EDF0095C67B /* PhotoViewController.m */,
				04AA57B51E462EDF0095C67B /* PhotoViewController.xib */,
				04AA57A21E45EB5C0095C67B /* ContactViewController.h */,
				04AA57A31E45EB5C0095C67B /* ContactViewController.m */,
				04AA57A41E45EB5C0095C67B /* ContactViewController.xib */,
				045AF3D61E44E37C00ADC203 /* HomeViewController.h */,
				045AF3D71E44E37C00ADC203 /* HomeViewController.m */,
				045AF3D81E44E37C00ADC203 /* HomeViewController.xib */,
				045AF3C81E44E2B500ADC203 /* Main.storyboard */,
				045AF3CB1E44E2B500ADC203 /* Assets.xcassets */,
				045AF3D01E44E2B500ADC203 /* Info.plist */,
				045AF3BF1E44E2B500ADC203 /* Supporting Files */,
			);
			path = GoteborgStad;
			sourceTree = "<group>";
		};
		045AF3BF1E44E2B500ADC203 /* Supporting Files */ = {
			isa = PBXGroup;
			children = (
				045AF3C01E44E2B500ADC203 /* main.m */,
				04AA57AC1E461A710095C67B /* CategoriesList.plist */,
				04337D131E56FBE900D0CE54 /* icons */,
				04AA579B1E45DFFE0095C67B /* Fonts */,
				04AA578E1E45D6350095C67B /* UI */,
			);
			name = "Supporting Files";
			sourceTree = "<group>";
		};
		048D0FC31E5EDE0100AC2F0A /* AFNetworking */ = {
			isa = PBXGroup;
			children = (
				048D0FC41E5EDE0100AC2F0A /* AFHTTPRequestOperation.h */,
				048D0FC51E5EDE0100AC2F0A /* AFHTTPRequestOperation.m */,
				048D0FC61E5EDE0100AC2F0A /* AFHTTPRequestOperationManager.h */,
				048D0FC71E5EDE0100AC2F0A /* AFHTTPRequestOperationManager.m */,
				048D0FC81E5EDE0100AC2F0A /* AFHTTPSessionManager.h */,
				048D0FC91E5EDE0100AC2F0A /* AFHTTPSessionManager.m */,
				048D0FCA1E5EDE0100AC2F0A /* AFNetworking.h */,
				048D0FCB1E5EDE0100AC2F0A /* AFNetworkReachabilityManager.h */,
				048D0FCC1E5EDE0100AC2F0A /* AFNetworkReachabilityManager.m */,
				048D0FCD1E5EDE0100AC2F0A /* AFSecurityPolicy.h */,
				048D0FCE1E5EDE0100AC2F0A /* AFSecurityPolicy.m */,
				048D0FCF1E5EDE0100AC2F0A /* AFURLConnectionOperation.h */,
				048D0FD01E5EDE0100AC2F0A /* AFURLConnectionOperation.m */,
				048D0FD11E5EDE0100AC2F0A /* AFURLRequestSerialization.h */,
				048D0FD21E5EDE0100AC2F0A /* AFURLRequestSerialization.m */,
				048D0FD31E5EDE0100AC2F0A /* AFURLResponseSerialization.h */,
				048D0FD41E5EDE0100AC2F0A /* AFURLResponseSerialization.m */,
				048D0FD51E5EDE0100AC2F0A /* AFURLSessionManager.h */,
				048D0FD61E5EDE0100AC2F0A /* AFURLSessionManager.m */,
			);
			path = AFNetworking;
			sourceTree = "<group>";
		};
		048D0FD71E5EDE0100AC2F0A /* JSON */ = {
			isa = PBXGroup;
			children = (
				048D0FD81E5EDE0100AC2F0A /* JSON.h */,
				048D0FD91E5EDE0100AC2F0A /* NSObject+SBJSON.h */,
				048D0FDA1E5EDE0100AC2F0A /* NSObject+SBJSON.m */,
				048D0FDB1E5EDE0100AC2F0A /* NSString+SBJSON.h */,
				048D0FDC1E5EDE0100AC2F0A /* NSString+SBJSON.m */,
				048D0FDD1E5EDE0100AC2F0A /* SBJSON.h */,
				048D0FDE1E5EDE0100AC2F0A /* SBJSON.m */,
				048D0FDF1E5EDE0100AC2F0A /* SBJsonBase.h */,
				048D0FE01E5EDE0100AC2F0A /* SBJsonBase.m */,
				048D0FE11E5EDE0100AC2F0A /* SBJsonParser.h */,
				048D0FE21E5EDE0100AC2F0A /* SBJsonParser.m */,
				048D0FE31E5EDE0100AC2F0A /* SBJsonWriter.h */,
				048D0FE41E5EDE0100AC2F0A /* SBJsonWriter.m */,
			);
			path = JSON;
			sourceTree = "<group>";
		};
		04AA578E1E45D6350095C67B /* UI */ = {
			isa = PBXGroup;
			children = (
				045BC3331E5B215600EA577F /* btn_search.png */,
				04AAA4521E587A340023EE25 /* btn_cross.png */,
				04337D2D1E57033B00D0CE54 /* anmal_icon.png */,
				0481E0751E54B9AB00ABBEF2 /* arrow_down_gray.png */,
				0481E0761E54B9AB00ABBEF2 /* arrow_down_white.png */,
				0481E0771E54B9AB00ABBEF2 /* arrow_up_gray.png */,
				0481E0781E54B9AB00ABBEF2 /* arrow_up_white.png */,
				04AA57901E45D6870095C67B /* icon_anmal.png */,
				0431DD7B1E5DDAB00059AD4C /* btn_back.png */,
				04AA57911E45D6870095C67B /* icon_camera.png */,
				04AA57921E45D6870095C67B /* icon_contact.png */,
				04AA57931E45D6870095C67B /* icon_location.png */,
				04AA57941E45D6870095C67B /* logo.png */,
			);
			name = UI;
			sourceTree = "<group>";
		};
		04AA579B1E45DFFE0095C67B /* Fonts */ = {
			isa = PBXGroup;
			children = (
				04AA579C1E45E0100095C67B /* gotham-bold.ttf */,
				04AA579D1E45E0100095C67B /* gotham-book.ttf */,
				04AA579E1E45E0100095C67B /* gotham-medium.ttf */,
			);
			name = Fonts;
			sourceTree = "<group>";
		};
		04AB8D331E48CFCA001E162F /* Frameworks */ = {
			isa = PBXGroup;
			children = (
				04AB8D361E48CFD7001E162F /* QuartzCore.framework */,
				04AB8D341E48CFCB001E162F /* MapKit.framework */,
			);
			name = Frameworks;
			sourceTree = "<group>";
		};
/* End PBXGroup section */

/* Begin PBXNativeTarget section */
		045AF3BB1E44E2B500ADC203 /* GoteborgStad */ = {
			isa = PBXNativeTarget;
			buildConfigurationList = 045AF3D31E44E2B500ADC203 /* Build configuration list for PBXNativeTarget "GoteborgStad" */;
			buildPhases = (
				045AF3B81E44E2B500ADC203 /* Sources */,
				045AF3B91E44E2B500ADC203 /* Frameworks */,
				045AF3BA1E44E2B500ADC203 /* Resources */,
			);
			buildRules = (
			);
			dependencies = (
			);
			name = GoteborgStad;
			productName = GoteborgStad;
			productReference = 045AF3BC1E44E2B500ADC203 /* GoteborgStad.app */;
			productType = "com.apple.product-type.application";
		};
/* End PBXNativeTarget section */

/* Begin PBXProject section */
		045AF3B41E44E2B500ADC203 /* Project object */ = {
			isa = PBXProject;
			attributes = {
				LastUpgradeCheck = 0820;
				ORGANIZATIONNAME = mac;
				TargetAttributes = {
					045AF3BB1E44E2B500ADC203 = {
						CreatedOnToolsVersion = 8.2;
						ProvisioningStyle = Manual;
					};
				};
			};
			buildConfigurationList = 045AF3B71E44E2B500ADC203 /* Build configuration list for PBXProject "GoteborgStad" */;
			compatibilityVersion = "Xcode 3.2";
			developmentRegion = English;
			hasScannedForEncodings = 0;
			knownRegions = (
				en,
				Base,
			);
			mainGroup = 045AF3B31E44E2B500ADC203;
			productRefGroup = 045AF3BD1E44E2B500ADC203 /* Products */;
			projectDirPath = "";
			projectRoot = "";
			targets = (
				045AF3BB1E44E2B500ADC203 /* GoteborgStad */,
			);
		};
/* End PBXProject section */

/* Begin PBXResourcesBuildPhase section */
		045AF3BA1E44E2B500ADC203 /* Resources */ = {
			isa = PBXResourcesBuildPhase;
			buildActionMask = 2147483647;
			files = (
				045AF3CC1E44E2B500ADC203 /* Assets.xcassets in Resources */,
				04337D241E56FBF300D0CE54 /* 180.png in Resources */,
				0481E07C1E54B9AB00ABBEF2 /* arrow_up_white.png in Resources */,
				04337D1E1E56FBF300D0CE54 /* 48.png in Resources */,
				04337D1D1E56FBF300D0CE54 /* 40.png in Resources */,
				04AA57961E45D6870095C67B /* icon_anmal.png in Resources */,
				04337D221E56FBF300D0CE54 /* 87.png in Resources */,
				045AF3DC1E44E39300ADC203 /* Default-568h@2x.png in Resources */,
				04AA57A61E45EB5C0095C67B /* ContactViewController.xib in Resources */,
				045AF3CA1E44E2B500ADC203 /* Main.storyboard in Resources */,
				04AA57AB1E45EB9D0095C67B /* AnmalHinderViewController.xib in Resources */,
				04337D2E1E57033B00D0CE54 /* anmal_icon.png in Resources */,
				045BC3321E5B0D5F00EA577F /* DescriptionViewController.xib in Resources */,
				0481E07B1E54B9AB00ABBEF2 /* arrow_up_gray.png in Resources */,
				04AA57991E45D6870095C67B /* icon_location.png in Resources */,
				045AF3DA1E44E37C00ADC203 /* HomeViewController.xib in Resources */,
				04337D211E56FBF300D0CE54 /* 80.png in Resources */,
				04337D121E56FB7500D0CE54 /* SplashViewController.xib in Resources */,
				04AA579F1E45E0100095C67B /* gotham-bold.ttf in Resources */,
				04337D201E56FBF300D0CE54 /* 60.png in Resources */,
				04AA57B71E462EDF0095C67B /* PhotoViewController.xib in Resources */,
				045BC3341E5B215600EA577F /* btn_search.png in Resources */,
				049DD4811E64467700C33F21 /* LocationPickerViewController.xib in Resources */,
				04337D1F1E56FBF300D0CE54 /* 58.png in Resources */,
				04337D231E56FBF300D0CE54 /* 120.png in Resources */,
				04AA579A1E45D6870095C67B /* logo.png in Resources */,
				04AA57A11E45E0100095C67B /* gotham-medium.ttf in Resources */,
				04AA57981E45D6870095C67B /* icon_contact.png in Resources */,
				0431DD7C1E5DDAB00059AD4C /* btn_back.png in Resources */,
				04337D251E56FBF300D0CE54 /* 1024.png in Resources */,
				0481E07A1E54B9AB00ABBEF2 /* arrow_down_white.png in Resources */,
				04337D2C1E56FE4D00D0CE54 /* InfoViewController.xib in Resources */,
				04AAA4531E587A340023EE25 /* btn_cross.png in Resources */,
				04AA57971E45D6870095C67B /* icon_camera.png in Resources */,
				04AA57AD1E461A710095C67B /* CategoriesList.plist in Resources */,
				0481E0791E54B9AB00ABBEF2 /* arrow_down_gray.png in Resources */,
				04AA57A01E45E0100095C67B /* gotham-book.ttf in Resources */,
			);
			runOnlyForDeploymentPostprocessing = 0;
		};
/* End PBXResourcesBuildPhase section */

/* Begin PBXSourcesBuildPhase section */
		045AF3B81E44E2B500ADC203 /* Sources */ = {
			isa = PBXSourcesBuildPhase;
			buildActionMask = 2147483647;
			files = (
				048D0FF31E5EDE0100AC2F0A /* AFURLSessionManager.m in Sources */,
				048D0FF51E5EDE0100AC2F0A /* NSString+SBJSON.m in Sources */,
				048D0FF01E5EDE0100AC2F0A /* AFURLConnectionOperation.m in Sources */,
				048D0FF81E5EDE0100AC2F0A /* SBJsonParser.m in Sources */,
				048D0FFF1E5F005B00AC2F0A /* MBProgressHUD.m in Sources */,
				04AA57AA1E45EB9D0095C67B /* AnmalHinderViewController.m in Sources */,
				048D0FED1E5EDE0100AC2F0A /* AFHTTPSessionManager.m in Sources */,
				048D0FEE1E5EDE0100AC2F0A /* AFNetworkReachabilityManager.m in Sources */,
				045AF3C41E44E2B500ADC203 /* AppDelegate.m in Sources */,
				048D0FF61E5EDE0100AC2F0A /* SBJSON.m in Sources */,
				048D0FEF1E5EDE0100AC2F0A /* AFSecurityPolicy.m in Sources */,
				04AA57A51E45EB5C0095C67B /* ContactViewController.m in Sources */,
				045BC3311E5B0D5F00EA577F /* DescriptionViewController.m in Sources */,
				048D0FEC1E5EDE0100AC2F0A /* AFHTTPRequestOperationManager.m in Sources */,
				04337D111E56FB7500D0CE54 /* SplashViewController.m in Sources */,
				045AF3C11E44E2B500ADC203 /* main.m in Sources */,
				045AF3D91E44E37C00ADC203 /* HomeViewController.m in Sources */,
				048D0FF71E5EDE0100AC2F0A /* SBJsonBase.m in Sources */,
				04337D2B1E56FE4D00D0CE54 /* InfoViewController.m in Sources */,
				048D0FF11E5EDE0100AC2F0A /* AFURLRequestSerialization.m in Sources */,
				049DD4801E64467700C33F21 /* LocationPickerViewController.m in Sources */,
				048D0FEB1E5EDE0100AC2F0A /* AFHTTPRequestOperation.m in Sources */,
				048D0FF91E5EDE0100AC2F0A /* SBJsonWriter.m in Sources */,
				048D0FF21E5EDE0100AC2F0A /* AFURLResponseSerialization.m in Sources */,
				048D0FF41E5EDE0100AC2F0A /* NSObject+SBJSON.m in Sources */,
				04AA57B61E462EDF0095C67B /* PhotoViewController.m in Sources */,
			);
			runOnlyForDeploymentPostprocessing = 0;
		};
/* End PBXSourcesBuildPhase section */

/* Begin PBXVariantGroup section */
		045AF3C81E44E2B500ADC203 /* Main.storyboard */ = {
			isa = PBXVariantGroup;
			children = (
				045AF3C91E44E2B500ADC203 /* Base */,
			);
			name = Main.storyboard;
			sourceTree = "<group>";
		};
/* End PBXVariantGroup section */

/* Begin XCBuildConfiguration section */
		045AF3D11E44E2B500ADC203 /* Debug */ = {
			isa = XCBuildConfiguration;
			buildSettings = {
				ALWAYS_SEARCH_USER_PATHS = NO;
				CLANG_ANALYZER_NONNULL = YES;
				CLANG_CXX_LANGUAGE_STANDARD = "gnu++0x";
				CLANG_CXX_LIBRARY = "libc++";
				CLANG_ENABLE_MODULES = YES;
				CLANG_ENABLE_OBJC_ARC = YES;
				CLANG_WARN_BOOL_CONVERSION = YES;
				CLANG_WARN_CONSTANT_CONVERSION = YES;
				CLANG_WARN_DIRECT_OBJC_ISA_USAGE = YES_ERROR;
				CLANG_WARN_DOCUMENTATION_COMMENTS = YES;
				CLANG_WARN_EMPTY_BODY = YES;
				CLANG_WARN_ENUM_CONVERSION = YES;
				CLANG_WARN_INFINITE_RECURSION = YES;
				CLANG_WARN_INT_CONVERSION = YES;
				CLANG_WARN_OBJC_ROOT_CLASS = YES_ERROR;
				CLANG_WARN_SUSPICIOUS_MOVE = YES;
				CLANG_WARN_UNREACHABLE_CODE = YES;
				CLANG_WARN__DUPLICATE_METHOD_MATCH = YES;
				"CODE_SIGN_IDENTITY[sdk=iphoneos*]" = "iPhone Developer";
				COPY_PHASE_STRIP = NO;
				DEBUG_INFORMATION_FORMAT = dwarf;
				ENABLE_STRICT_OBJC_MSGSEND = YES;
				ENABLE_TESTABILITY = YES;
				GCC_C_LANGUAGE_STANDARD = gnu99;
				GCC_DYNAMIC_NO_PIC = NO;
				GCC_NO_COMMON_BLOCKS = YES;
				GCC_OPTIMIZATION_LEVEL = 0;
				GCC_PREPROCESSOR_DEFINITIONS = (
					"DEBUG=1",
					"$(inherited)",
				);
				GCC_WARN_64_TO_32_BIT_CONVERSION = YES;
				GCC_WARN_ABOUT_RETURN_TYPE = YES_ERROR;
				GCC_WARN_UNDECLARED_SELECTOR = YES;
				GCC_WARN_UNINITIALIZED_AUTOS = YES_AGGRESSIVE;
				GCC_WARN_UNUSED_FUNCTION = YES;
				GCC_WARN_UNUSED_VARIABLE = YES;
				IPHONEOS_DEPLOYMENT_TARGET = 10.2;
				MTL_ENABLE_DEBUG_INFO = YES;
				ONLY_ACTIVE_ARCH = YES;
				SDKROOT = iphoneos;
			};
			name = Debug;
		};
		045AF3D21E44E2B500ADC203 /* Release */ = {
			isa = XCBuildConfiguration;
			buildSettings = {
				ALWAYS_SEARCH_USER_PATHS = NO;
				CLANG_ANALYZER_NONNULL = YES;
				CLANG_CXX_LANGUAGE_STANDARD = "gnu++0x";
				CLANG_CXX_LIBRARY = "libc++";
				CLANG_ENABLE_MODULES = YES;
				CLANG_ENABLE_OBJC_ARC = YES;
				CLANG_WARN_BOOL_CONVERSION = YES;
				CLANG_WARN_CONSTANT_CONVERSION = YES;
				CLANG_WARN_DIRECT_OBJC_ISA_USAGE = YES_ERROR;
				CLANG_WARN_DOCUMENTATION_COMMENTS = YES;
				CLANG_WARN_EMPTY_BODY = YES;
				CLANG_WARN_ENUM_CONVERSION = YES;
				CLANG_WARN_INFINITE_RECURSION = YES;
				CLANG_WARN_INT_CONVERSION = YES;
				CLANG_WARN_OBJC_ROOT_CLASS = YES_ERROR;
				CLANG_WARN_SUSPICIOUS_MOVE = YES;
				CLANG_WARN_UNREACHABLE_CODE = YES;
				CLANG_WARN__DUPLICATE_METHOD_MATCH = YES;
				"CODE_SIGN_IDENTITY[sdk=iphoneos*]" = "iPhone Developer";
				COPY_PHASE_STRIP = NO;
				DEBUG_INFORMATION_FORMAT = "dwarf-with-dsym";
				ENABLE_NS_ASSERTIONS = NO;
				ENABLE_STRICT_OBJC_MSGSEND = YES;
				GCC_C_LANGUAGE_STANDARD = gnu99;
				GCC_NO_COMMON_BLOCKS = YES;
				GCC_WARN_64_TO_32_BIT_CONVERSION = YES;
				GCC_WARN_ABOUT_RETURN_TYPE = YES_ERROR;
				GCC_WARN_UNDECLARED_SELECTOR = YES;
				GCC_WARN_UNINITIALIZED_AUTOS = YES_AGGRESSIVE;
				GCC_WARN_UNUSED_FUNCTION = YES;
				GCC_WARN_UNUSED_VARIABLE = YES;
				IPHONEOS_DEPLOYMENT_TARGET = 10.2;
				MTL_ENABLE_DEBUG_INFO = NO;
				SDKROOT = iphoneos;
				VALIDATE_PRODUCT = YES;
			};
			name = Release;
		};
		045AF3D41E44E2B500ADC203 /* Debug */ = {
			isa = XCBuildConfiguration;
			buildSettings = {
				ASSETCATALOG_COMPILER_APPICON_NAME = AppIcon;
				CODE_SIGN_IDENTITY = "iPhone Distribution: City of Gothenburg (Z749ZA9A4D)";
				"CODE_SIGN_IDENTITY[sdk=iphoneos*]" = "iPhone Distribution: City of Gothenburg (Z749ZA9A4D)";
				DEVELOPMENT_TEAM = "";
				ENABLE_BITCODE = NO;
				INFOPLIST_FILE = GoteborgStad/Info.plist;
				IPHONEOS_DEPLOYMENT_TARGET = 8.0;
				LD_RUNPATH_SEARCH_PATHS = "$(inherited) @executable_path/Frameworks";
				PRODUCT_BUNDLE_IDENTIFIER = se.goteborg.anmalhinder;
				PRODUCT_NAME = "$(TARGET_NAME)";
				PROVISIONING_PROFILE = "4ce1019a-c593-4937-af06-84dfb550dbda";
				PROVISIONING_PROFILE_SPECIFIER = "AnmalHinder AppStore";
			};
			name = Debug;
		};
		045AF3D51E44E2B500ADC203 /* Release */ = {
			isa = XCBuildConfiguration;
			buildSettings = {
				ASSETCATALOG_COMPILER_APPICON_NAME = AppIcon;
				CODE_SIGN_IDENTITY = "iPhone Distribution: City of Gothenburg (Z749ZA9A4D)";
				"CODE_SIGN_IDENTITY[sdk=iphoneos*]" = "iPhone Distribution: City of Gothenburg (Z749ZA9A4D)";
				DEVELOPMENT_TEAM = "";
				ENABLE_BITCODE = NO;
				INFOPLIST_FILE = GoteborgStad/Info.plist;
				IPHONEOS_DEPLOYMENT_TARGET = 8.0;
				LD_RUNPATH_SEARCH_PATHS = "$(inherited) @executable_path/Frameworks";
				PRODUCT_BUNDLE_IDENTIFIER = se.goteborg.anmalhinder;
				PRODUCT_NAME = "$(TARGET_NAME)";
				PROVISIONING_PROFILE = "4ce1019a-c593-4937-af06-84dfb550dbda";
				PROVISIONING_PROFILE_SPECIFIER = "AnmalHinder AppStore";
			};
			name = Release;
		};
/* End XCBuildConfiguration section */

/* Begin XCConfigurationList section */
		045AF3B71E44E2B500ADC203 /* Build configuration list for PBXProject "GoteborgStad" */ = {
			isa = XCConfigurationList;
			buildConfigurations = (
				045AF3D11E44E2B500ADC203 /* Debug */,
				045AF3D21E44E2B500ADC203 /* Release */,
			);
			defaultConfigurationIsVisible = 0;
			defaultConfigurationName = Release;
		};
		045AF3D31E44E2B500ADC203 /* Build configuration list for PBXNativeTarget "GoteborgStad" */ = {
			isa = XCConfigurationList;
			buildConfigurations = (
				045AF3D41E44E2B500ADC203 /* Debug */,
				045AF3D51E44E2B500ADC203 /* Release */,
			);
			defaultConfigurationIsVisible = 0;
			defaultConfigurationName = Release;
		};
/* End XCConfigurationList section */
	};
	rootObject = 045AF3B41E44E2B500ADC203 /* Project object */;
}
